
Microsoft Visual Studio Solution File, Format Version 12.00
# Visual Studio Version 17
VisualStudioVersion = 17.12.35506.116 d17.12
MinimumVisualStudioVersion = 10.0.40219.1
Project("{2150E333-8FDC-42A3-9474-1A3956D46DE8}") = "src", "src", "{A733D0C9-BDE3-4708-8E1C-BF43A9AEF104}"
EndProject
Project("{2150E333-8FDC-42A3-9474-1A3956D46DE8}") = "api", "api", "{3AE4DC12-35C9-4102-B847-F2B99B482F88}"
EndProject
Project("{2150E333-8FDC-42A3-9474-1A3956D46DE8}") = "Core", "Core", "{2DBF434E-9E3B-4839-8A88-CAC77323B39B}"
EndProject
Project("{2150E333-8FDC-42A3-9474-1A3956D46DE8}") = "Infraestructure", "Infraestructure", "{C2F02F84-68C1-467E-BB59-921961909F21}"
EndProject
Project("{2150E333-8FDC-42A3-9474-1A3956D46DE8}") = "Common", "Common", "{23B858B4-B2CE-457E-8040-7C3C88CDA427}"
EndProject
Project("{FAE04EC0-301F-11D3-BF4B-00C04F79EFBC}") = "Sygno.Booking.Api", "Sygno.Booking.Api\Sygno.Booking.Api.csproj", "{94A2A0AD-9D77-4A22-A061-D920BC5BC629}"
EndProject
Project("{FAE04EC0-301F-11D3-BF4B-00C04F79EFBC}") = "Sygno.Booking.Domain", "Sygno.Booking.Domain\Sygno.Booking.Domain.csproj", "{D90E02C8-6E00-470E-BC56-34E95EF76133}"
EndProject
Project("{FAE04EC0-301F-11D3-BF4B-00C04F79EFBC}") = "Sygno.Booking.Application", "Sygno.Booking.Application\Sygno.Booking.Application.csproj", "{24B26C4A-C845-4998-8EEB-DF978091DA5E}"
EndProject
Project("{FAE04EC0-301F-11D3-BF4B-00C04F79EFBC}") = "Sygno.Booking.Persistence", "Sygno.Booking.Persistence\Sygno.Booking.Persistence.csproj", "{D38774FE-6358-4924-9572-BC8C70674ED4}"
EndProject
Project("{FAE04EC0-301F-11D3-BF4B-00C04F79EFBC}") = "Sygno.Booking.External", "Sygno.Booking.External\Sygno.Booking.External.csproj", "{BD8B344C-3FEE-4408-9C4E-F96D5E3FAA42}"
EndProject
Project("{FAE04EC0-301F-11D3-BF4B-00C04F79EFBC}") = "Sygno.Booking.Common", "Sygno.Booking.Common\Sygno.Booking.Common.csproj", "{B611C094-E15B-4BA1-902C-461F6270ED4F}"
EndProject
Global
	GlobalSection(SolutionConfigurationPlatforms) = preSolution
		Debug|Any CPU = Debug|Any CPU
		Release|Any CPU = Release|Any CPU
	EndGlobalSection
	GlobalSection(ProjectConfigurationPlatforms) = postSolution
		{94A2A0AD-9D77-4A22-A061-D920BC5BC629}.Debug|Any CPU.ActiveCfg = Debug|Any CPU
		{94A2A0AD-9D77-4A22-A061-D920BC5BC629}.Debug|Any CPU.Build.0 = Debug|Any CPU
		{94A2A0AD-9D77-4A22-A061-D920BC5BC629}.Release|Any CPU.ActiveCfg = Release|Any CPU
		{94A2A0AD-9D77-4A22-A061-D920BC5BC629}.Release|Any CPU.Build.0 = Release|Any CPU
		{D90E02C8-6E00-470E-BC56-34E95EF76133}.Debug|Any CPU.ActiveCfg = Debug|Any CPU
		{D90E02C8-6E00-470E-BC56-34E95EF76133}.Debug|Any CPU.Build.0 = Debug|Any CPU
		{D90E02C8-6E00-470E-BC56-34E95EF76133}.Release|Any CPU.ActiveCfg = Release|Any CPU
		{D90E02C8-6E00-470E-BC56-34E95EF76133}.Release|Any CPU.Build.0 = Release|Any CPU
		{24B26C4A-C845-4998-8EEB-DF978091DA5E}.Debug|Any CPU.ActiveCfg = Debug|Any CPU
		{24B26C4A-C845-4998-8EEB-DF978091DA5E}.Debug|Any CPU.Build.0 = Debug|Any CPU
		{24B26C4A-C845-4998-8EEB-DF978091DA5E}.Release|Any CPU.ActiveCfg = Release|Any CPU
		{24B26C4A-C845-4998-8EEB-DF978091DA5E}.Release|Any CPU.Build.0 = Release|Any CPU
		{D38774FE-6358-4924-9572-BC8C70674ED4}.Debug|Any CPU.ActiveCfg = Debug|Any CPU
		{D38774FE-6358-4924-9572-BC8C70674ED4}.Debug|Any CPU.Build.0 = Debug|Any CPU
		{D38774FE-6358-4924-9572-BC8C70674ED4}.Release|Any CPU.ActiveCfg = Release|Any CPU
		{D38774FE-6358-4924-9572-BC8C70674ED4}.Release|Any CPU.Build.0 = Release|Any CPU
		{BD8B344C-3FEE-4408-9C4E-F96D5E3FAA42}.Debug|Any CPU.ActiveCfg = Debug|Any CPU
		{BD8B344C-3FEE-4408-9C4E-F96D5E3FAA42}.Debug|Any CPU.Build.0 = Debug|Any CPU
		{BD8B344C-3FEE-4408-9C4E-F96D5E3FAA42}.Release|Any CPU.ActiveCfg = Release|Any CPU
		{BD8B344C-3FEE-4408-9C4E-F96D5E3FAA42}.Release|Any CPU.Build.0 = Release|Any CPU
		{B611C094-E15B-4BA1-902C-461F6270ED4F}.Debug|Any CPU.ActiveCfg = Debug|Any CPU
		{B611C094-E15B-4BA1-902C-461F6270ED4F}.Debug|Any CPU.Build.0 = Debug|Any CPU
		{B611C094-E15B-4BA1-902C-461F6270ED4F}.Release|Any CPU.ActiveCfg = Release|Any CPU
		{B611C094-E15B-4BA1-902C-461F6270ED4F}.Release|Any CPU.Build.0 = Release|Any CPU
	EndGlobalSection
	GlobalSection(SolutionProperties) = preSolution
		HideSolutionNode = FALSE
	EndGlobalSection
	GlobalSection(NestedProjects) = preSolution
		{3AE4DC12-35C9-4102-B847-F2B99B482F88} = {A733D0C9-BDE3-4708-8E1C-BF43A9AEF104}
		{2DBF434E-9E3B-4839-8A88-CAC77323B39B} = {A733D0C9-BDE3-4708-8E1C-BF43A9AEF104}
		{C2F02F84-68C1-467E-BB59-921961909F21} = {A733D0C9-BDE3-4708-8E1C-BF43A9AEF104}
		{23B858B4-B2CE-457E-8040-7C3C88CDA427} = {A733D0C9-BDE3-4708-8E1C-BF43A9AEF104}
		{94A2A0AD-9D77-4A22-A061-D920BC5BC629} = {3AE4DC12-35C9-4102-B847-F2B99B482F88}
		{D90E02C8-6E00-470E-BC56-34E95EF76133} = {2DBF434E-9E3B-4839-8A88-CAC77323B39B}
		{24B26C4A-C845-4998-8EEB-DF978091DA5E} = {2DBF434E-9E3B-4839-8A88-CAC77323B39B}
		{D38774FE-6358-4924-9572-BC8C70674ED4} = {C2F02F84-68C1-467E-BB59-921961909F21}
		{BD8B344C-3FEE-4408-9C4E-F96D5E3FAA42} = {C2F02F84-68C1-467E-BB59-921961909F21}
		{B611C094-E15B-4BA1-902C-461F6270ED4F} = {23B858B4-B2CE-457E-8040-7C3C88CDA427}
	EndGlobalSection
EndGlobal
